
Microsoft Visual Studio Solution File, Format Version 11.00
# Visual Studio 2010
Project("{8BC9CEB8-8B4A-11D0-8D11-00A0C91BC942}") = "BUB", "BUB\BUB.vcxproj", "{9D4207AF-0245-4ED8-BB30-F2CFB6D2B33F}"
EndProject
Global
	GlobalSection(SolutionConfigurationPlatforms) = preSolution
		Debug|Win32 = Debug|Win32
		Release|Win32 = Release|Win32
	EndGlobalSection
	GlobalSection(ProjectConfigurationPlatforms) = postSolution
		{9D4207AF-0245-4ED8-BB30-F2CFB6D2B33F}.Debug|Win32.ActiveCfg = Debug|Win32
		{9D4207AF-0245-4ED8-BB30-F2CFB6D2B33F}.Debug|Win32.Build.0 = Debug|Win32
		{9D4207AF-0245-4ED8-BB30-F2CFB6D2B33F}.Release|Win32.ActiveCfg = Release|Win32
		{9D4207AF-0245-4ED8-BB30-F2CFB6D2B33F}.Release|Win32.Build.0 = Release|Win32
	EndGlobalSection
	GlobalSection(SolutionProperties) = preSolution
		HideSolutionNode = FALSE
	EndGlobalSection
EndGlobal
